Microsoft Visual Studio Solution File, Format Version 12.00
# Visual Studio Version 17
VisualStudioVersion = 17.0.31912.275
MinimumVisualStudioVersion = 10.0.40219.1
Project("{FAE04EC0-301F-11D3-BF4B-00C04F79EFBC}") = "SilverSpires.Tactics.Core", "SilverSpires.Tactics.Core\SilverSpires.Tactics.Core.csproj", "{FD137E45-730C-40D4-8052-51A4BB2D0A40}"
EndProject
Project("{FAE04EC0-301F-11D3-BF4B-00C04F79EFBC}") = "SilverSpires.Tactics.Demo", "SilverSpires.Tactics.Demo\SilverSpires.Tactics.Demo.csproj", "{2DF27770-0F51-4E7E-AE97-A232742E4683}"
EndProject
Global
	GlobalSection(SolutionConfigurationPlatforms) = preSolution
		Debug|Any CPU = Debug|Any CPU
		Release|Any CPU = Release|Any CPU
	EndGlobalSection
	GlobalSection(ProjectConfigurationPlatforms) = postSolution
		{FD137E45-730C-40D4-8052-51A4BB2D0A40}.Debug|Any CPU.ActiveCfg = Debug|Any CPU
		{FD137E45-730C-40D4-8052-51A4BB2D0A40}.Debug|Any CPU.Build.0 = Debug|Any CPU
		{FD137E45-730C-40D4-8052-51A4BB2D0A40}.Release|Any CPU.ActiveCfg = Release|Any CPU
		{FD137E45-730C-40D4-8052-51A4BB2D0A40}.Release|Any CPU.Build.0 = Release|Any CPU
		{2DF27770-0F51-4E7E-AE97-A232742E4683}.Debug|Any CPU.ActiveCfg = Debug|Any CPU
		{2DF27770-0F51-4E7E-AE97-A232742E4683}.Debug|Any CPU.Build.0 = Debug|Any CPU
		{2DF27770-0F51-4E7E-AE97-A232742E4683}.Release|Any CPU.ActiveCfg = Release|Any CPU
		{2DF27770-0F51-4E7E-AE97-A232742E4683}.Release|Any CPU.Build.0 = Release|Any CPU
	EndGlobalSection
	GlobalSection(SolutionProperties) = preSolution
		HideSolutionNode = FALSE
	EndGlobalSection
EndGlobal
